
Microsoft Visual Studio Solution File, Format Version 12.00
# Visual Studio Version 16
VisualStudioVersion = 16.0.29102.190
MinimumVisualStudioVersion = 10.0.40219.1
Project("{FAE04EC0-301F-11D3-BF4B-00C04F79EFBC}") = "ProductsApp", "ProductsApp\ProductsApp.csproj", "{7794BDC8-A18B-4EE2-9928-FD384874777C}"
EndProject
Global
	GlobalSection(SolutionConfigurationPlatforms) = preSolution
		Debug|Any CPU = Debug|Any CPU
		Release|Any CPU = Release|Any CPU
	EndGlobalSection
	GlobalSection(ProjectConfigurationPlatforms) = postSolution
		{7794BDC8-A18B-4EE2-9928-FD384874777C}.Debug|Any CPU.ActiveCfg = Debug|Any CPU
		{7794BDC8-A18B-4EE2-9928-FD384874777C}.Debug|Any CPU.Build.0 = Debug|Any CPU
		{7794BDC8-A18B-4EE2-9928-FD384874777C}.Release|Any CPU.ActiveCfg = Release|Any CPU
		{7794BDC8-A18B-4EE2-9928-FD384874777C}.Release|Any CPU.Build.0 = Release|Any CPU
	EndGlobalSection
	GlobalSection(SolutionProperties) = preSolution
		HideSolutionNode = FALSE
	EndGlobalSection
	GlobalSection(ExtensibilityGlobals) = postSolution
		SolutionGuid = {5A35070A-D065-400D-8F06-6E2ADAEEDAAE}
	EndGlobalSection
EndGlobal
